
Microsoft Visual Studio Solution File, Format Version 12.00
# Visual Studio Version 17
VisualStudioVersion = 17.14.36414.22 d17.14
MinimumVisualStudioVersion = 10.0.40219.1
Project("{FAE04EC0-301F-11D3-BF4B-00C04F79EFBC}") = "BulkyWeb", "BulkyWeb\BulkyWeb.csproj", "{9FC1679C-58E0-4F02-BEEB-7CEE79B4EDC7}"
EndProject
Global
	GlobalSection(SolutionConfigurationPlatforms) = preSolution
		Debug|Any CPU = Debug|Any CPU
		Release|Any CPU = Release|Any CPU
	EndGlobalSection
	GlobalSection(ProjectConfigurationPlatforms) = postSolution
		{9FC1679C-58E0-4F02-BEEB-7CEE79B4EDC7}.Debug|Any CPU.ActiveCfg = Debug|Any CPU
		{9FC1679C-58E0-4F02-BEEB-7CEE79B4EDC7}.Debug|Any CPU.Build.0 = Debug|Any CPU
		{9FC1679C-58E0-4F02-BEEB-7CEE79B4EDC7}.Release|Any CPU.ActiveCfg = Release|Any CPU
		{9FC1679C-58E0-4F02-BEEB-7CEE79B4EDC7}.Release|Any CPU.Build.0 = Release|Any CPU
	EndGlobalSection
	GlobalSection(SolutionProperties) = preSolution
		HideSolutionNode = FALSE
	EndGlobalSection
	GlobalSection(ExtensibilityGlobals) = postSolution
		SolutionGuid = {73D97887-EDF0-4F02-BD01-F0403C389CC9}
	EndGlobalSection
EndGlobal
